
Microsoft Visual Studio Solution File, Format Version 12.00
# Visual Studio Version 17
VisualStudioVersion = 17.4.33205.214
MinimumVisualStudioVersion = 10.0.40219.1
Project("{FAE04EC0-301F-11D3-BF4B-00C04F79EFBC}") = "mydev.ConfigChangesDetection", "mydev.ConfigChangesDetection\mydev.ConfigChangesDetection.csproj", "{36FAA3C5-D7C4-4A45-9931-5D3E4CC6DBCF}"
EndProject
Global
	GlobalSection(SolutionConfigurationPlatforms) = preSolution
		Debug|Any CPU = Debug|Any CPU
		Release|Any CPU = Release|Any CPU
	EndGlobalSection
	GlobalSection(ProjectConfigurationPlatforms) = postSolution
		{36FAA3C5-D7C4-4A45-9931-5D3E4CC6DBCF}.Debug|Any CPU.ActiveCfg = Debug|Any CPU
		{36FAA3C5-D7C4-4A45-9931-5D3E4CC6DBCF}.Debug|Any CPU.Build.0 = Debug|Any CPU
		{36FAA3C5-D7C4-4A45-9931-5D3E4CC6DBCF}.Release|Any CPU.ActiveCfg = Release|Any CPU
		{36FAA3C5-D7C4-4A45-9931-5D3E4CC6DBCF}.Release|Any CPU.Build.0 = Release|Any CPU
	EndGlobalSection
	GlobalSection(SolutionProperties) = preSolution
		HideSolutionNode = FALSE
	EndGlobalSection
	GlobalSection(ExtensibilityGlobals) = postSolution
		SolutionGuid = {8C07868F-3C1D-434E-8520-55F29D9C039E}
	EndGlobalSection
EndGlobal
